
Microsoft Visual Studio Solution File, Format Version 12.00
# Visual Studio 15
VisualStudioVersion = 15.0.27703.2026
MinimumVisualStudioVersion = 10.0.40219.1
Project("{FAE04EC0-301F-11D3-BF4B-00C04F79EFBC}") = "LeanAdmin", "LeanAdmin\LeanAdmin.csproj", "{1D59EEE4-CA61-4ECB-8F49-E637171E1C1D}"
EndProject
Global
	GlobalSection(SolutionConfigurationPlatforms) = preSolution
		Debug|Any CPU = Debug|Any CPU
		Release|Any CPU = Release|Any CPU
	EndGlobalSection
	GlobalSection(ProjectConfigurationPlatforms) = postSolution
		{1D59EEE4-CA61-4ECB-8F49-E637171E1C1D}.Debug|Any CPU.ActiveCfg = Debug|Any CPU
		{1D59EEE4-CA61-4ECB-8F49-E637171E1C1D}.Debug|Any CPU.Build.0 = Debug|Any CPU
		{1D59EEE4-CA61-4ECB-8F49-E637171E1C1D}.Release|Any CPU.ActiveCfg = Release|Any CPU
		{1D59EEE4-CA61-4ECB-8F49-E637171E1C1D}.Release|Any CPU.Build.0 = Release|Any CPU
	EndGlobalSection
	GlobalSection(SolutionProperties) = preSolution
		HideSolutionNode = FALSE
	EndGlobalSection
	GlobalSection(ExtensibilityGlobals) = postSolution
		SolutionGuid = {2641FB26-F2C8-44C3-B0A6-69FC1582EB98}
	EndGlobalSection
EndGlobal
